
Microsoft Visual Studio Solution File, Format Version 12.00
# Visual Studio Version 17
VisualStudioVersion = 17.0.31903.59
MinimumVisualStudioVersion = 10.0.40219.1
Project("{2150E333-8FDC-42A3-9474-1A3956D46DE8}") = "src", "src", "{636D5309-2091-45E5-97E6-D7ABEC67BD7A}"
EndProject
Project("{FAE04EC0-301F-11D3-BF4B-00C04F79EFBC}") = "MediaRenamer.Cmd", "src\MediaRenamer.Cmd\MediaRenamer.Cmd.csproj", "{FBE4CC02-75FB-4AAD-BD24-5124AAA76B87}"
EndProject
Project("{2150E333-8FDC-42A3-9474-1A3956D46DE8}") = "tests", "tests", "{3C90C1E4-7266-4F6C-8FB4-FE5B5397A13C}"
EndProject
Project("{FAE04EC0-301F-11D3-BF4B-00C04F79EFBC}") = "MediaRenamer.Core", "src\MediaRenamer.Core\MediaRenamer.Core.csproj", "{12A8BE18-9686-42C1-8CFD-DBFB232D6FCB}"
EndProject
Project("{FAE04EC0-301F-11D3-BF4B-00C04F79EFBC}") = "MediaRenamer.Api", "src\MediaRenamer.Api\MediaRenamer.Api.csproj", "{35A6D1D8-543A-4172-9D41-CAB2BAC86EE7}"
EndProject
Project("{FAE04EC0-301F-11D3-BF4B-00C04F79EFBC}") = "MediaRenamer.Web", "src\MediaRenamer.Web\MediaRenamer.Web.csproj", "{1CD2D5C9-B3D0-4C9F-BECD-115FCF78106B}"
EndProject
Global
	GlobalSection(SolutionConfigurationPlatforms) = preSolution
		Debug|Any CPU = Debug|Any CPU
		Release|Any CPU = Release|Any CPU
	EndGlobalSection
	GlobalSection(SolutionProperties) = preSolution
		HideSolutionNode = FALSE
	EndGlobalSection
	GlobalSection(NestedProjects) = preSolution
		{FBE4CC02-75FB-4AAD-BD24-5124AAA76B87} = {636D5309-2091-45E5-97E6-D7ABEC67BD7A}
		{12A8BE18-9686-42C1-8CFD-DBFB232D6FCB} = {636D5309-2091-45E5-97E6-D7ABEC67BD7A}
		{35A6D1D8-543A-4172-9D41-CAB2BAC86EE7} = {636D5309-2091-45E5-97E6-D7ABEC67BD7A}
		{1CD2D5C9-B3D0-4C9F-BECD-115FCF78106B} = {636D5309-2091-45E5-97E6-D7ABEC67BD7A}
	EndGlobalSection
	GlobalSection(ProjectConfigurationPlatforms) = postSolution
		{FBE4CC02-75FB-4AAD-BD24-5124AAA76B87}.Debug|Any CPU.ActiveCfg = Debug|Any CPU
		{FBE4CC02-75FB-4AAD-BD24-5124AAA76B87}.Debug|Any CPU.Build.0 = Debug|Any CPU
		{FBE4CC02-75FB-4AAD-BD24-5124AAA76B87}.Release|Any CPU.ActiveCfg = Release|Any CPU
		{FBE4CC02-75FB-4AAD-BD24-5124AAA76B87}.Release|Any CPU.Build.0 = Release|Any CPU
		{12A8BE18-9686-42C1-8CFD-DBFB232D6FCB}.Debug|Any CPU.ActiveCfg = Debug|Any CPU
		{12A8BE18-9686-42C1-8CFD-DBFB232D6FCB}.Debug|Any CPU.Build.0 = Debug|Any CPU
		{12A8BE18-9686-42C1-8CFD-DBFB232D6FCB}.Release|Any CPU.ActiveCfg = Release|Any CPU
		{12A8BE18-9686-42C1-8CFD-DBFB232D6FCB}.Release|Any CPU.Build.0 = Release|Any CPU
		{35A6D1D8-543A-4172-9D41-CAB2BAC86EE7}.Debug|Any CPU.ActiveCfg = Debug|Any CPU
		{35A6D1D8-543A-4172-9D41-CAB2BAC86EE7}.Debug|Any CPU.Build.0 = Debug|Any CPU
		{35A6D1D8-543A-4172-9D41-CAB2BAC86EE7}.Release|Any CPU.ActiveCfg = Release|Any CPU
		{35A6D1D8-543A-4172-9D41-CAB2BAC86EE7}.Release|Any CPU.Build.0 = Release|Any CPU
		{1CD2D5C9-B3D0-4C9F-BECD-115FCF78106B}.Debug|Any CPU.ActiveCfg = Debug|Any CPU
		{1CD2D5C9-B3D0-4C9F-BECD-115FCF78106B}.Debug|Any CPU.Build.0 = Debug|Any CPU
		{1CD2D5C9-B3D0-4C9F-BECD-115FCF78106B}.Release|Any CPU.ActiveCfg = Release|Any CPU
		{1CD2D5C9-B3D0-4C9F-BECD-115FCF78106B}.Release|Any CPU.Build.0 = Release|Any CPU
	EndGlobalSection
EndGlobal
